
Microsoft Visual Studio Solution File, Format Version 12.00
# Visual Studio 14
VisualStudioVersion = 14.0.25420.1
MinimumVisualStudioVersion = 10.0.40219.1
Project("{FAE04EC0-301F-11D3-BF4B-00C04F79EFBC}") = "mark", "mark\mark.csproj", "{3ACDE26A-449E-483D-992B-4A0820336264}"
EndProject
Project("{FAE04EC0-301F-11D3-BF4B-00C04F79EFBC}") = "websitegen", "websitegen\websitegen.csproj", "{70A194F9-05F8-4532-AB53-22B492903B64}"
EndProject
Global
	GlobalSection(SolutionConfigurationPlatforms) = preSolution
		Debug|Any CPU = Debug|Any CPU
		Release|Any CPU = Release|Any CPU
	EndGlobalSection
	GlobalSection(ProjectConfigurationPlatforms) = postSolution
		{3ACDE26A-449E-483D-992B-4A0820336264}.Debug|Any CPU.ActiveCfg = Debug|Any CPU
		{3ACDE26A-449E-483D-992B-4A0820336264}.Debug|Any CPU.Build.0 = Debug|Any CPU
		{3ACDE26A-449E-483D-992B-4A0820336264}.Release|Any CPU.ActiveCfg = Release|Any CPU
		{3ACDE26A-449E-483D-992B-4A0820336264}.Release|Any CPU.Build.0 = Release|Any CPU
		{70A194F9-05F8-4532-AB53-22B492903B64}.Debug|Any CPU.ActiveCfg = Debug|Any CPU
		{70A194F9-05F8-4532-AB53-22B492903B64}.Debug|Any CPU.Build.0 = Debug|Any CPU
		{70A194F9-05F8-4532-AB53-22B492903B64}.Release|Any CPU.ActiveCfg = Release|Any CPU
		{70A194F9-05F8-4532-AB53-22B492903B64}.Release|Any CPU.Build.0 = Release|Any CPU
	EndGlobalSection
	GlobalSection(SolutionProperties) = preSolution
		HideSolutionNode = FALSE
	EndGlobalSection
EndGlobal
